
Microsoft Visual Studio Solution File, Format Version 12.00
# Visual Studio 15
VisualStudioVersion = 15.0.28307.539
MinimumVisualStudioVersion = 10.0.40219.1
Project("{9A19103F-16F7-4668-BE54-9A1E7A4F7556}") = "Server", "ConsoleApp2\Server.csproj", "{8F554989-3B61-40B2-A4AD-B0F9458BA24D}"
EndProject
Project("{FAE04EC0-301F-11D3-BF4B-00C04F79EFBC}") = "client", "client\client.csproj", "{AA6CEE6A-C07C-4235-A9AA-E89C4E636974}"
EndProject
Global
	GlobalSection(SolutionConfigurationPlatforms) = preSolution
		Debug|Any CPU = Debug|Any CPU
		Release|Any CPU = Release|Any CPU
	EndGlobalSection
	GlobalSection(ProjectConfigurationPlatforms) = postSolution
		{8F554989-3B61-40B2-A4AD-B0F9458BA24D}.Debug|Any CPU.ActiveCfg = Debug|Any CPU
		{8F554989-3B61-40B2-A4AD-B0F9458BA24D}.Debug|Any CPU.Build.0 = Debug|Any CPU
		{8F554989-3B61-40B2-A4AD-B0F9458BA24D}.Release|Any CPU.ActiveCfg = Release|Any CPU
		{8F554989-3B61-40B2-A4AD-B0F9458BA24D}.Release|Any CPU.Build.0 = Release|Any CPU
		{AA6CEE6A-C07C-4235-A9AA-E89C4E636974}.Debug|Any CPU.ActiveCfg = Debug|Any CPU
		{AA6CEE6A-C07C-4235-A9AA-E89C4E636974}.Debug|Any CPU.Build.0 = Debug|Any CPU
		{AA6CEE6A-C07C-4235-A9AA-E89C4E636974}.Release|Any CPU.ActiveCfg = Release|Any CPU
		{AA6CEE6A-C07C-4235-A9AA-E89C4E636974}.Release|Any CPU.Build.0 = Release|Any CPU
	EndGlobalSection
	GlobalSection(SolutionProperties) = preSolution
		HideSolutionNode = FALSE
	EndGlobalSection
	GlobalSection(ExtensibilityGlobals) = postSolution
		SolutionGuid = {3981DB12-6EA7-4A84-A1C0-3A100230E0E1}
	EndGlobalSection
EndGlobal
